[[package]]
name = "certifi"
version = "2021.10.8"
description = "Python package for providing Mozilla's CA Bundle."
category = "main"
optional = false
python-versions = "*"

[[package]]
name = "charset-normalizer"
version = "2.0.9"
description = "The Real First Universal Charset Detector. Open, modern and actively maintained alternative to Chardet."
category = "main"
optional = false
python-versions = ">=3.5.0"

[package.extras]
unicode_backport = ["unicodedata2"]

[[package]]
name = "idna"
version = "3.3"
description = "Internationalized Domain Names in Applications (IDNA)"
category = "main"
optional = false
python-versions = ">=3.5"

[[package]]
name = "orjson"
version = "3.6.5"
description = "Fast, correct Python JSON library supporting dataclasses, datetimes, and numpy"
category = "main"
optional = false
python-versions = ">=3.7"

[[package]]
name = "requests"
version = "2.26.0"
description = "Python HTTP for Humans."
category = "main"
optional = false
python-versions = ">=2.7, !=3.0.*, !=3.1.*, !=3.2.*, !=3.3.*, !=3.4.*, !=3.5.*"

[package.dependencies]
certifi = ">=2017.4.17"
charset-normalizer = {version = ">=2.0.0,<2.1.0", markers = "python_version >= \"3\""}
idna = {version = ">=2.5,<4", markers = "python_version >= \"3\""}
urllib3 = ">=1.21.1,<1.27"

[package.extras]
socks = ["PySocks (>=1.5.6,!=1.5.7)", "win-inet-pton"]
use_chardet_on_py3 = ["chardet (>=3.0.2,<5)"]

[[package]]
name = "urllib3"
version = "1.26.7"
description = "HTTP library with thread-safe connection pooling, file post, and more."
category = "main"
optional = false
python-versions = ">=2.7, !=3.0.*, !=3.1.*, !=3.2.*, !=3.3.*, !=3.4.*, <4"

[package.extras]
brotli = ["brotlipy (>=0.6.0)"]
secure = ["pyOpenSSL (>=0.14)", "cryptography (>=1.3.4)", "idna (>=2.0.0)", "certifi", "ipaddress"]
socks = ["PySocks (>=1.5.6,!=1.5.7,<2.0)"]

[[package]]
name = "websockets"
version = "8.1"
description = "An implementation of the WebSocket Protocol (RFC 6455 & 7692)"
category = "main"
optional = false
python-versions = ">=3.6.1"

[metadata]
lock-version = "1.1"
python-versions = "^3.8"
content-hash = "8097be01c0c8a091808f42159b5852882878535c4e0aa9176db90b5a7a2b66a7"

[metadata.files]
certifi = [
    {file = "certifi-2021.10.8-py2.py3-none-any.whl", hash = "sha256:d62a0163eb4c2344ac042ab2bdf75399a71a2d8c7d47eac2e2ee91b9d6339569"},
    {file = "certifi-2021.10.8.tar.gz", hash = "sha256:78884e7c1d4b00ce3cea67b44566851c4343c120abd683433ce934a68ea58872"},
]
charset-normalizer = [
    {file = "charset-normalizer-2.0.9.tar.gz", hash = "sha256:b0b883e8e874edfdece9c28f314e3dd5badf067342e42fb162203335ae61aa2c"},
    {file = "charset_normalizer-2.0.9-py3-none-any.whl", hash = "sha256:1eecaa09422db5be9e29d7fc65664e6c33bd06f9ced7838578ba40d58bdf3721"},
]
idna = [
    {file = "idna-3.3-py3-none-any.whl", hash = "sha256:84d9dd047ffa80596e0f246e2eab0b391788b0503584e8945f2368256d2735ff"},
    {file = "idna-3.3.tar.gz", hash = "sha256:9d643ff0a55b762d5cdb124b8eaa99c66322e2157b69160bc32796e824360e6d"},
]
orjson = [
    {file = "orjson-3.6.5-cp310-cp310-macosx_10_7_x86_64.whl", hash = "sha256:6c444edc073eb69cf85b28851a7a957807a41ce9bb3a9c14eefa8b33030cf050"},
    {file = "orjson-3.6.5-cp310-cp310-macosx_10_9_x86_64.macosx_11_0_arm64.macosx_10_9_universal2.whl", hash = "sha256:432c6da3d8d4630739f5303dcc45e8029d357b7ff8e70b7239be7bd047df6b19"},
    {file = "orjson-3.6.5-cp310-cp310-manylinux_2_24_aarch64.whl", hash = "sha256:0fa32319072fadf0732d2c1746152f868a1b0f83c8cce2cad4996f5f3ca4e979"},
    {file = "orjson-3.6.5-cp310-cp310-manylinux_2_24_x86_64.whl", hash = "sha256:0d65cc67f2e358712e33bc53810022ef5181c2378a7603249cd0898aa6cd28d4"},
    {file = "orjson-3.6.5-cp310-none-win_amd64.whl", hash = "sha256:fa8e3d0f0466b7d771a8f067bd8961bc17ca6ea4c89a91cd34d6648e6b1d1e47"},
    {file = "orjson-3.6.5-cp37-cp37m-macosx_10_7_x86_64.whl", hash = "sha256:470596fbe300a7350fd7bbcf94d2647156401ab6465decb672a00e201af1813a"},
    {file = "orjson-3.6.5-cp37-cp37m-macosx_10_9_x86_64.macosx_11_0_arm64.macosx_10_9_universal2.whl", hash = "sha256:d2680d9edc98171b0c59e52c1ed964619be5cb9661289c0dd2e667773fa87f15"},
    {file = "orjson-3.6.5-cp37-cp37m-manylinux_2_17_x86_64.manylinux2014_x86_64.whl", hash = "sha256:001962a334e1ab2162d2f695f2770d2383c7ffd2805cec6dbb63ea2ad96bf0ad"},
    {file = "orjson-3.6.5-cp37-cp37m-manylinux_2_24_aarch64.whl", hash = "sha256:522c088679c69e0dd2c72f43cd26a9e73df4ccf9ed725ac73c151bbe816fe51a"},
    {file = "orjson-3.6.5-cp37-cp37m-manylinux_2_24_x86_64.whl", hash = "sha256:d2b871a745a64f72631b633271577c99da628a9b63e10bd5c9c20706e19fe282"},
    {file = "orjson-3.6.5-cp37-none-win_amd64.whl", hash = "sha256:51ab01fed3b3e21561f21386a2f86a0415338541938883b6ca095001a3014a3e"},
    {file = "orjson-3.6.5-cp38-cp38-macosx_10_7_x86_64.whl", hash = "sha256:fc7e62edbc7ece95779a034d9e206d7ba9e2b638cc548fd3a82dc5225f656625"},
    {file = "orjson-3.6.5-cp38-cp38-macosx_10_9_x86_64.macosx_11_0_arm64.macosx_10_9_universal2.whl", hash = "sha256:0720d60db3fa25956011a573274a269eb37de98070f3bc186582af1222a2d084"},
    {file = "orjson-3.6.5-cp38-cp38-manylinux_2_17_x86_64.manylinux2014_x86_64.whl", hash = "sha256:e169a8876aed7a5bff413c53257ef1fa1d9b68c855eb05d658c4e73ed8dff508"},
    {file = "orjson-3.6.5-cp38-cp38-manylinux_2_24_aarch64.whl", hash = "sha256:331f9a3bdba30a6913ad1d149df08e4837581e3ce92bf614277d84efccaf796f"},
    {file = "orjson-3.6.5-cp38-cp38-manylinux_2_24_x86_64.whl", hash = "sha256:ece5dfe346b91b442590a41af7afe61df0af369195fed13a1b29b96b1ba82905"},
    {file = "orjson-3.6.5-cp38-none-win_amd64.whl", hash = "sha256:6a5e9eb031b44b7a429c705ca48820371d25b9467c9323b6ae7a712daf15fbef"},
    {file = "orjson-3.6.5-cp39-cp39-macosx_10_7_x86_64.whl", hash = "sha256:206237fa5e45164a678b12acc02aac7c5b50272f7f31116e1e08f8bcaf654f93"},
    {file = "orjson-3.6.5-cp39-cp39-macosx_10_9_x86_64.macosx_11_0_arm64.macosx_10_9_universal2.whl", hash = "sha256:d5aceeb226b060d11ccb5a84a4cfd760f8024289e3810ec446ef2993a85dbaca"},
    {file = "orjson-3.6.5-cp39-cp39-manylinux_2_17_x86_64.manylinux2014_x86_64.whl", hash = "sha256:80dba3dbc0563c49719e8cc7d1568a5cf738accfcd1aa6ca5e8222b57436e75e"},
    {file = "orjson-3.6.5-cp39-cp39-manylinux_2_24_aarch64.whl", hash = "sha256:443f39bc5e7966880142430ce091e502aea068b38cb9db5f1ffdcfee682bc2d4"},
    {file = "orjson-3.6.5-cp39-cp39-manylinux_2_24_x86_64.whl", hash = "sha256:a06f2dd88323a480ac1b14d5829fb6cdd9b0d72d505fabbfbd394da2e2e07f6f"},
    {file = "orjson-3.6.5-cp39-none-win_amd64.whl", hash = "sha256:82cb42dbd45a3856dbad0a22b54deb5e90b2567cdc2b8ea6708e0c4fe2e12be3"},
    {file = "orjson-3.6.5.tar.gz", hash = "sha256:eb3a7d92d783c89df26951ef3e5aca9d96c9c6f2284c752aa3382c736f950597"},
]
requests = [
    {file = "requests-2.26.0-py2.py3-none-any.whl", hash = "sha256:6c1246513ecd5ecd4528a0906f910e8f0f9c6b8ec72030dc9fd154dc1a6efd24"},
    {file = "requests-2.26.0.tar.gz", hash = "sha256:b8aa58f8cf793ffd8782d3d8cb19e66ef36f7aba4353eec859e74678b01b07a7"},
]
urllib3 = [
    {file = "urllib3-1.26.7-py2.py3-none-any.whl", hash = "sha256:c4fdf4019605b6e5423637e01bc9fe4daef873709a7973e195ceba0a62bbc844"},
    {file = "urllib3-1.26.7.tar.gz", hash = "sha256:4987c65554f7a2dbf30c18fd48778ef124af6fab771a377103da0585e2336ece"},
]
websockets = [
    {file = "websockets-8.1-cp36-cp36m-macosx_10_6_intel.whl", hash = "sha256:3762791ab8b38948f0c4d281c8b2ddfa99b7e510e46bd8dfa942a5fff621068c"},
    {file = "websockets-8.1-cp36-cp36m-manylinux1_i686.whl", hash = "sha256:3db87421956f1b0779a7564915875ba774295cc86e81bc671631379371af1170"},
    {file = "websockets-8.1-cp36-cp36m-manylinux1_x86_64.whl", hash = "sha256:4f9f7d28ce1d8f1295717c2c25b732c2bc0645db3215cf757551c392177d7cb8"},
    {file = "websockets-8.1-cp36-cp36m-manylinux2010_i686.whl", hash = "sha256:295359a2cc78736737dd88c343cd0747546b2174b5e1adc223824bcaf3e164cb"},
    {file = "websockets-8.1-cp36-cp36m-manylinux2010_x86_64.whl", hash = "sha256:1d3f1bf059d04a4e0eb4985a887d49195e15ebabc42364f4eb564b1d065793f5"},
    {file = "websockets-8.1-cp36-cp36m-win32.whl", hash = "sha256:2db62a9142e88535038a6bcfea70ef9447696ea77891aebb730a333a51ed559a"},
    {file = "websockets-8.1-cp36-cp36m-win_amd64.whl", hash = "sha256:0e4fb4de42701340bd2353bb2eee45314651caa6ccee80dbd5f5d5978888fed5"},
    {file = "websockets-8.1-cp37-cp37m-macosx_10_6_intel.whl", hash = "sha256:9b248ba3dd8a03b1a10b19efe7d4f7fa41d158fdaa95e2cf65af5a7b95a4f989"},
    {file = "websockets-8.1-cp37-cp37m-manylinux1_i686.whl", hash = "sha256:ce85b06a10fc65e6143518b96d3dca27b081a740bae261c2fb20375801a9d56d"},
    {file = "websockets-8.1-cp37-cp37m-manylinux1_x86_64.whl", hash = "sha256:965889d9f0e2a75edd81a07592d0ced54daa5b0785f57dc429c378edbcffe779"},
    {file = "websockets-8.1-cp37-cp37m-manylinux2010_i686.whl", hash = "sha256:751a556205d8245ff94aeef23546a1113b1dd4f6e4d102ded66c39b99c2ce6c8"},
    {file = "websockets-8.1-cp37-cp37m-manylinux2010_x86_64.whl", hash = "sha256:3ef56fcc7b1ff90de46ccd5a687bbd13a3180132268c4254fc0fa44ecf4fc422"},
    {file = "websockets-8.1-cp37-cp37m-win32.whl", hash = "sha256:7ff46d441db78241f4c6c27b3868c9ae71473fe03341340d2dfdbe8d79310acc"},
    {file = "websockets-8.1-cp37-cp37m-win_amd64.whl", hash = "sha256:20891f0dddade307ffddf593c733a3fdb6b83e6f9eef85908113e628fa5a8308"},
    {file = "websockets-8.1-cp38-cp38-macosx_10_9_x86_64.whl", hash = "sha256:c1ec8db4fac31850286b7cd3b9c0e1b944204668b8eb721674916d4e28744092"},
    {file = "websockets-8.1-cp38-cp38-manylinux1_i686.whl", hash = "sha256:5c01fd846263a75bc8a2b9542606927cfad57e7282965d96b93c387622487485"},
    {file = "websockets-8.1-cp38-cp38-manylinux1_x86_64.whl", hash = "sha256:9bef37ee224e104a413f0780e29adb3e514a5b698aabe0d969a6ba426b8435d1"},
    {file = "websockets-8.1-cp38-cp38-manylinux2010_i686.whl", hash = "sha256:d705f8aeecdf3262379644e4b55107a3b55860eb812b673b28d0fbc347a60c55"},
    {file = "websockets-8.1-cp38-cp38-manylinux2010_x86_64.whl", hash = "sha256:c8a116feafdb1f84607cb3b14aa1418424ae71fee131642fc568d21423b51824"},
    {file = "websockets-8.1-cp38-cp38-win32.whl", hash = "sha256:e898a0863421650f0bebac8ba40840fc02258ef4714cb7e1fd76b6a6354bda36"},
    {file = "websockets-8.1-cp38-cp38-win_amd64.whl", hash = "sha256:f8a7bff6e8664afc4e6c28b983845c5bc14965030e3fb98789734d416af77c4b"},
    {file = "websockets-8.1.tar.gz", hash = "sha256:5c65d2da8c6bce0fca2528f69f44b2f977e06954c8512a952222cea50dad430f"},
]
